{
    "_readme": [
        "This file locks the dependencies of your project to a known state",
        "Read more about it at https://getcomposer.org/doc/01-basic-usage.md#installing-dependencies",
        "This file is @generated automatically"
    ],
    "content-hash": "f4bee891d41c95b183bd5895acc8b0fa",
    "packages": [
        {
            "name": "lolli42/finediff",
            "version": "1.1.1",
            "source": {
                "type": "git",
                "url": "https://github.com/lolli42/FineDiff.git",
                "reference": "015a2f50782d2639c0fb21325dcf747c4136ad2b"
            },
            "dist": {
                "type": "zip",
                "url": "https://api.github.com/repos/lolli42/FineDiff/zipball/015a2f50782d2639c0fb21325dcf747c4136ad2b",
                "reference": "015a2f50782d2639c0fb21325dcf747c4136ad2b",
                "shasum": ""
            },
            "require": {
                "ext-mbstring": "*",
                "php": ">=8.2"
            },
            "replace": {
                "cogpowered/finediff": "*"
            },
            "require-dev": {
                "friendsofphp/php-cs-fixer": "^3.50.0",
                "phpstan/phpstan": "^1.10.57",
                "phpunit/phpunit": "^11.2.6"
            },
            "type": "library",
            "autoload": {
                "psr-4": {
                    "cogpowered\\FineDiff\\": "src/"
                }
            },
            "notification-url": "https://packagist.org/downloads/",
            "license": [
                "MIT"
            ],
            "authors": [
                {
                    "name": "Raymond Hill"
                },
                {
                    "name": "Rob Crowe",
                    "email": "rob@cogpowered.com"
                },
                {
                    "name": "Christian Kuhn",
                    "email": "lolli@schwarzbu.ch",
                    "role": "maintainer"
                }
            ],
            "description": "PHP implementation of a Fine granularity Diff engine",
            "homepage": "https://github.com/lolli42/FineDiff",
            "keywords": [
                "diff",
                "finediff",
                "opcode",
                "string",
                "text"
            ],
            "support": {
                "issues": "https://github.com/lolli42/FineDiff/issues",
                "source": "https://github.com/lolli42/FineDiff/tree/1.1.1"
            },
            "time": "2024-07-09T14:25:40+00:00"
        }
    ],
    "packages-dev": [],
    "aliases": [],
    "minimum-stability": "stable",
    "stability-flags": [],
    "prefer-stable": false,
    "prefer-lowest": false,
    "platform": [],
    "platform-dev": [],
    "plugin-api-version": "2.3.0"
}
